
Microsoft Visual Studio Solution File, Format Version 12.00
# Visual Studio Version 17
VisualStudioVersion = 17.6.33829.357
MinimumVisualStudioVersion = 10.0.40219.1
Project("{FAE04EC0-301F-11D3-BF4B-00C04F79EFBC}") = "Ejerciccio - 1", "Ejerciccio - 1\Ejerciccio - 1.csproj", "{B2604B9A-7A90-42E9-A7C7-FA47F77DED42}"
EndProject
Global
	GlobalSection(SolutionConfigurationPlatforms) = preSolution
		Debug|Any CPU = Debug|Any CPU
		Release|Any CPU = Release|Any CPU
	EndGlobalSection
	GlobalSection(ProjectConfigurationPlatforms) = postSolution
		{B2604B9A-7A90-42E9-A7C7-FA47F77DED42}.Debug|Any CPU.ActiveCfg = Debug|Any CPU
		{B2604B9A-7A90-42E9-A7C7-FA47F77DED42}.Debug|Any CPU.Build.0 = Debug|Any CPU
		{B2604B9A-7A90-42E9-A7C7-FA47F77DED42}.Release|Any CPU.ActiveCfg = Release|Any CPU
		{B2604B9A-7A90-42E9-A7C7-FA47F77DED42}.Release|Any CPU.Build.0 = Release|Any CPU
	EndGlobalSection
	GlobalSection(SolutionProperties) = preSolution
		HideSolutionNode = FALSE
	EndGlobalSection
	GlobalSection(ExtensibilityGlobals) = postSolution
		SolutionGuid = {69BDA7B5-932A-4AA7-9EC8-C8DE623BB581}
	EndGlobalSection
EndGlobal
